<?xml version="1.0" encoding="utf-8"?>
<Project ToolsVersion="4.0" xmlns="http://schemas.microsoft.com/developer/msbuild/2003">
  <ItemGroup>
    <Filter Include="Source Files">
      <UniqueIdentifier>{4FC737F1-C7A5-4376-A066-2A32D752A2FF}</UniqueIdentifier>
      <Extensions>cpp;c;cc;cxx;c++;cppm;ixx;def;odl;idl;hpj;bat;asm;asmx</Extensions>
    </Filter>
    <Filter Include="Header Files">
      <UniqueIdentifier>{93995380-89BD-4b04-88EB-625FBE52EBFB}</UniqueIdentifier>
      <Extensions>h;hh;hpp;hxx;h++;hm;inl;inc;ipp;xsd</Extensions>
    </Filter>
    <Filter Include="Resource Files">
      <UniqueIdentifier>{67DA6AB6-F800-4c08-8B7A-83BB121AAD01}</UniqueIdentifier>
      <Extensions>rc;ico;cur;bmp;dlg;rc2;rct;bin;rgs;gif;jpg;jpeg;jpe;resx;tiff;tif;png;wav;mfcribbon-ms</Extensions>
    </Filter>
    <Filter Include="Resource Files\Textures">
      <UniqueIdentifier>{37d85a92-805c-4fa2-933d-27b860710633}</UniqueIdentifier>
    </Filter>
    <Filter Include="Resource Files\Txt documents">
      <UniqueIdentifier>{a6d3b319-d11f-4643-ba03-0621c15524f1}</UniqueIdentifier>
    </Filter>
  </ItemGroup>
  <ItemGroup>
    <ClCompile Include="main.cpp">
      <Filter>Source Files</Filter>
    </ClCompile>
    <ClCompile Include="stdafx.cpp">
      <Filter>Source Files</Filter>
    </ClCompile>
    <ClCompile Include="Game.cpp">
      <Filter>Source Files</Filter>
    </ClCompile>
    <ClCompile Include="Menu.cpp">
      <Filter>Source Files</Filter>
    </ClCompile>
    <ClCompile Include="State.cpp">
      <Filter>Source Files</Filter>
    </ClCompile>
    <ClCompile Include="StaticObject.cpp">
      <Filter>Source Files</Filter>
    </ClCompile>
    <ClCompile Include="DynamicObject.cpp">
      <Filter>Source Files</Filter>
    </ClCompile>
    <ClCompile Include="Level.cpp">
      <Filter>Source Files</Filter>
    </ClCompile>
    <ClCompile Include="StaticWheel.cpp">
      <Filter>Source Files</Filter>
    </ClCompile>
    <ClCompile Include="GameAI.cpp">
      <Filter>Source Files</Filter>
    </ClCompile>
    <ClCompile Include="AgentRL.cpp">
      <Filter>Source Files</Filter>
    </ClCompile>
    <ClCompile Include="StateRL.cpp">
      <Filter>Source Files</Filter>
    </ClCompile>
    <ClCompile Include="ActionRL.cpp">
      <Filter>Source Files</Filter>
    </ClCompile>
    <ClCompile Include="QTable.cpp">
      <Filter>Source Files</Filter>
    </ClCompile>
    <ClCompile Include="TextureManager.cpp">
      <Filter>Source Files</Filter>
    </ClCompile>
  </ItemGroup>
  <ItemGroup>
    <ClInclude Include="stdafx.h">
      <Filter>Header Files</Filter>
    </ClInclude>
    <ClInclude Include="Game.h">
      <Filter>Header Files</Filter>
    </ClInclude>
    <ClInclude Include="Menu.h">
      <Filter>Header Files</Filter>
    </ClInclude>
    <ClInclude Include="State.h">
      <Filter>Header Files</Filter>
    </ClInclude>
    <ClInclude Include="StaticObject.h">
      <Filter>Header Files</Filter>
    </ClInclude>
    <ClInclude Include="DynamicObject.h">
      <Filter>Header Files</Filter>
    </ClInclude>
    <ClInclude Include="Level.h">
      <Filter>Header Files</Filter>
    </ClInclude>
    <ClInclude Include="StaticWheel.h">
      <Filter>Header Files</Filter>
    </ClInclude>
    <ClInclude Include="GameAI.h">
      <Filter>Header Files</Filter>
    </ClInclude>
    <ClInclude Include="AgentRL.h">
      <Filter>Header Files</Filter>
    </ClInclude>
    <ClInclude Include="StateRL.h">
      <Filter>Header Files</Filter>
    </ClInclude>
    <ClInclude Include="ActionRL.h">
      <Filter>Header Files</Filter>
    </ClInclude>
    <ClInclude Include="QTable.h">
      <Filter>Header Files</Filter>
    </ClInclude>
    <ClInclude Include="TextureManager.h">
      <Filter>Header Files</Filter>
    </ClInclude>
  </ItemGroup>
  <ItemGroup>
    <Text Include="..\..\..\..\Desktop\teksture\License free ground.txt">
      <Filter>Resource Files\Txt documents</Filter>
    </Text>
    <Text Include="TODO.txt" />
  </ItemGroup>
  <ItemGroup>
    <Image Include="..\..\..\..\Desktop\teksture\ground.jpg">
      <Filter>Resource Files\Textures</Filter>
    </Image>
  </ItemGroup>
  <ItemGroup>
    <None Include="..\..\..\..\Desktop\Vecteezy-License-Information.pdf">
      <Filter>Resource Files\Txt documents</Filter>
    </None>
  </ItemGroup>
</Project>